{
  "pins" : [
    {
      "identity" : "alamofire",
      "kind" : "remoteSourceControl",
      "location" : "https://github.com/Alamofire/Alamofire",
      "state" : {
        "branch" : "master",
        "revision" : "8a9e280b160bbe82b725596d5934572be17389fe"
      }
    },
    {
      "identity" : "asynchttpenginekit",
      "kind" : "remoteSourceControl",
      "location" : "https://github.com/RustyKnight/AsyncHttpEngineKit",
      "state" : {
        "branch" : "main",
        "revision" : "2ab218e7c660c4d0320a10e2902ac58680d7c372"
      }
    },
    {
      "identity" : "cadmus",
      "kind" : "remoteSourceControl",
      "location" : "https://github.com/RustyKnight/Cadmus",
      "state" : {
        "revision" : "f2d1d470016ad4e440517e6208c62fc9e3bc066d",
        "version" : "3.0.0"
      }
    }
  ],
  "version" : 2
}
